
Microsoft Visual Studio Solution File, Format Version 12.00
# Visual Studio 15
VisualStudioVersion = 15.0.28307.1300
MinimumVisualStudioVersion = 10.0.40219.1
Project("{FAE04EC0-301F-11D3-BF4B-00C04F79EFBC}") = "EntityAspProje", "EntityAspProje\EntityAspProje.csproj", "{47B96633-6A9D-45B7-8B96-B20D8AF9BEB9}"
EndProject
Global
	GlobalSection(SolutionConfigurationPlatforms) = preSolution
		Debug|Any CPU = Debug|Any CPU
		Release|Any CPU = Release|Any CPU
	EndGlobalSection
	GlobalSection(ProjectConfigurationPlatforms) = postSolution
		{47B96633-6A9D-45B7-8B96-B20D8AF9BEB9}.Debug|Any CPU.ActiveCfg = Debug|Any CPU
		{47B96633-6A9D-45B7-8B96-B20D8AF9BEB9}.Debug|Any CPU.Build.0 = Debug|Any CPU
		{47B96633-6A9D-45B7-8B96-B20D8AF9BEB9}.Release|Any CPU.ActiveCfg = Release|Any CPU
		{47B96633-6A9D-45B7-8B96-B20D8AF9BEB9}.Release|Any CPU.Build.0 = Release|Any CPU
	EndGlobalSection
	GlobalSection(SolutionProperties) = preSolution
		HideSolutionNode = FALSE
	EndGlobalSection
	GlobalSection(ExtensibilityGlobals) = postSolution
		SolutionGuid = {26E43875-CF5F-4A6B-BA38-9ED12FC024AD}
	EndGlobalSection
EndGlobal
