
Microsoft Visual Studio Solution File, Format Version 12.00
# Visual Studio 15
VisualStudioVersion = 15.0.28307.421
MinimumVisualStudioVersion = 10.0.40219.1
Project("{FAE04EC0-301F-11D3-BF4B-00C04F79EFBC}") = "EntityAspProje", "EntityAspProje\EntityAspProje.csproj", "{45869215-1E4F-4E04-A935-62EDF6980618}"
EndProject
Global
	GlobalSection(SolutionConfigurationPlatforms) = preSolution
		Debug|Any CPU = Debug|Any CPU
		Release|Any CPU = Release|Any CPU
	EndGlobalSection
	GlobalSection(ProjectConfigurationPlatforms) = postSolution
		{45869215-1E4F-4E04-A935-62EDF6980618}.Debug|Any CPU.ActiveCfg = Debug|Any CPU
		{45869215-1E4F-4E04-A935-62EDF6980618}.Debug|Any CPU.Build.0 = Debug|Any CPU
		{45869215-1E4F-4E04-A935-62EDF6980618}.Release|Any CPU.ActiveCfg = Release|Any CPU
		{45869215-1E4F-4E04-A935-62EDF6980618}.Release|Any CPU.Build.0 = Release|Any CPU
	EndGlobalSection
	GlobalSection(SolutionProperties) = preSolution
		HideSolutionNode = FALSE
	EndGlobalSection
	GlobalSection(ExtensibilityGlobals) = postSolution
		SolutionGuid = {A5067D06-EA6B-49D3-B5E2-719CA4BBBB7A}
	EndGlobalSection
EndGlobal
